
Microsoft Visual Studio Solution File, Format Version 12.00
Project("{FAE04EC0-301F-11D3-BF4B-00C04F79EFBC}") = "WebApplication4", "WebApplication4.csproj", "{BB0923F3-9AE6-4E4B-8E52-6244EC76901C}"
EndProject
Global
	GlobalSection(SolutionConfigurationPlatforms) = preSolution
		Debug|Any CPU = Debug|Any CPU
		Release|Any CPU = Release|Any CPU
	EndGlobalSection
	GlobalSection(ProjectConfigurationPlatforms) = postSolution
		{BB0923F3-9AE6-4E4B-8E52-6244EC76901C}.Debug|Any CPU.ActiveCfg = Debug|Any CPU
		{BB0923F3-9AE6-4E4B-8E52-6244EC76901C}.Debug|Any CPU.Build.0 = Debug|Any CPU
		{BB0923F3-9AE6-4E4B-8E52-6244EC76901C}.Release|Any CPU.ActiveCfg = Release|Any CPU
		{BB0923F3-9AE6-4E4B-8E52-6244EC76901C}.Release|Any CPU.Build.0 = Release|Any CPU
	EndGlobalSection
EndGlobal
